{
  "name": "homework12",
  "version": "1.0.0",
  "lockfileVersion": 1,
  "requires": true,
  "dependencies": {
    "json-schema-table": {
      "version": "1.0.10",
      "resolved": "https://registry.npmjs.org/json-schema-table/-/json-schema-table-1.0.10.tgz",
      "integrity": "sha512-PxPHlnmKmSlqbfrY1bU2905cLKq2GqRMz+VFYENrc4nMtwPrhMZ/FTWFfL0xLDZ15WVY4vPcOK8vhLZAd7SAvQ==",
      "requires": {
        "lodash": "4.17.4"
      }
    },
    "lodash": {
      "version": "4.17.4",
      "resolved": "https://registry.npmjs.org/lodash/-/lodash-4.17.4.tgz",
      "integrity": "sha1-eCA6TRwyiuHYbcpkYONptX9AVa4="
    }
  }
}
